
Microsoft Visual Studio Solution File, Format Version 12.00
Project("{FAE04EC0-301F-11D3-BF4B-00C04F79EFBC}") = "cwiczenia5", "cwiczenia5\cwiczenia5.csproj", "{C2042601-342C-4D76-B4D4-06E11694A5C3}"
EndProject
Global
	GlobalSection(SolutionConfigurationPlatforms) = preSolution
		Debug|Any CPU = Debug|Any CPU
		Release|Any CPU = Release|Any CPU
	EndGlobalSection
	GlobalSection(ProjectConfigurationPlatforms) = postSolution
		{C2042601-342C-4D76-B4D4-06E11694A5C3}.Debug|Any CPU.ActiveCfg = Debug|Any CPU
		{C2042601-342C-4D76-B4D4-06E11694A5C3}.Debug|Any CPU.Build.0 = Debug|Any CPU
		{C2042601-342C-4D76-B4D4-06E11694A5C3}.Release|Any CPU.ActiveCfg = Release|Any CPU
		{C2042601-342C-4D76-B4D4-06E11694A5C3}.Release|Any CPU.Build.0 = Release|Any CPU
	EndGlobalSection
EndGlobal
